
Microsoft Visual Studio Solution File, Format Version 12.00
# Visual Studio Version 17
VisualStudioVersion = 17.0.31903.59
MinimumVisualStudioVersion = 10.0.40219.1
Project("{2150E333-8FDC-42A3-9474-1A3956D46DE8}") = "API", "API", "{DDCB4C86-A934-4B2F-A464-DBC92A1D4AB1}"
EndProject
Project("{FAE04EC0-301F-11D3-BF4B-00C04F79EFBC}") = "AngularStore.Api", "API\AngularStore.Api\AngularStore.Api.csproj", "{E63B5BF5-131D-44F0-9115-638CDF7A775B}"
EndProject
Project("{2150E333-8FDC-42A3-9474-1A3956D46DE8}") = "Domain", "Domain", "{4555F1DD-163E-44AE-87E8-B8894802581B}"
EndProject
Project("{FAE04EC0-301F-11D3-BF4B-00C04F79EFBC}") = "Common", "Domain\AngularStore.Common\Common.csproj", "{743D6533-2582-420C-8467-800977C97567}"
EndProject
Project("{FAE04EC0-301F-11D3-BF4B-00C04F79EFBC}") = "Domain", "Domain\AngularStore.Domain\Domain.csproj", "{FCFB4E83-682B-4F09-A898-F4CA5204B96C}"
EndProject
Project("{2150E333-8FDC-42A3-9474-1A3956D46DE8}") = "Business", "Business", "{A72ADEF4-992A-4F97-895A-9FFDB68147C6}"
EndProject
Project("{FAE04EC0-301F-11D3-BF4B-00C04F79EFBC}") = "Application", "Business\AngularStore.Application\Application.csproj", "{0C27B031-992E-46EC-9196-97FD0E20324F}"
EndProject
Project("{2150E333-8FDC-42A3-9474-1A3956D46DE8}") = "Repository", "Repository", "{0350245D-B055-46E4-A3BE-03CCDCFF8A19}"
EndProject
Project("{FAE04EC0-301F-11D3-BF4B-00C04F79EFBC}") = "Repository", "Repository\AngularStore.Repository\Repository.csproj", "{46A0EB93-9B89-4336-BA2A-7499289D99EB}"
EndProject
Project("{FAE04EC0-301F-11D3-BF4B-00C04F79EFBC}") = "Ioc", "Domain\AngularStore.Ioc\Ioc.csproj", "{167552E2-4421-4F28-8563-CF751AFAE3F4}"
EndProject
Project("{2150E333-8FDC-42A3-9474-1A3956D46DE8}") = "Tests", "Tests", "{4D8E7A89-C2F6-4E4B-B8F8-882E2249F124}"
EndProject
Project("{FAE04EC0-301F-11D3-BF4B-00C04F79EFBC}") = "Tests", "Tests\AngularStore.Tests\Tests.csproj", "{2012534B-E3B5-4F60-AE54-DC3A70542082}"
EndProject
Global
	GlobalSection(SolutionConfigurationPlatforms) = preSolution
		Debug|Any CPU = Debug|Any CPU
		Release|Any CPU = Release|Any CPU
	EndGlobalSection
	GlobalSection(SolutionProperties) = preSolution
		HideSolutionNode = FALSE
	EndGlobalSection
	GlobalSection(ProjectConfigurationPlatforms) = postSolution
		{E63B5BF5-131D-44F0-9115-638CDF7A775B}.Debug|Any CPU.ActiveCfg = Debug|Any CPU
		{E63B5BF5-131D-44F0-9115-638CDF7A775B}.Debug|Any CPU.Build.0 = Debug|Any CPU
		{E63B5BF5-131D-44F0-9115-638CDF7A775B}.Release|Any CPU.ActiveCfg = Release|Any CPU
		{E63B5BF5-131D-44F0-9115-638CDF7A775B}.Release|Any CPU.Build.0 = Release|Any CPU
		{743D6533-2582-420C-8467-800977C97567}.Debug|Any CPU.ActiveCfg = Debug|Any CPU
		{743D6533-2582-420C-8467-800977C97567}.Debug|Any CPU.Build.0 = Debug|Any CPU
		{743D6533-2582-420C-8467-800977C97567}.Release|Any CPU.ActiveCfg = Release|Any CPU
		{743D6533-2582-420C-8467-800977C97567}.Release|Any CPU.Build.0 = Release|Any CPU
		{FCFB4E83-682B-4F09-A898-F4CA5204B96C}.Debug|Any CPU.ActiveCfg = Debug|Any CPU
		{FCFB4E83-682B-4F09-A898-F4CA5204B96C}.Debug|Any CPU.Build.0 = Debug|Any CPU
		{FCFB4E83-682B-4F09-A898-F4CA5204B96C}.Release|Any CPU.ActiveCfg = Release|Any CPU
		{FCFB4E83-682B-4F09-A898-F4CA5204B96C}.Release|Any CPU.Build.0 = Release|Any CPU
		{0C27B031-992E-46EC-9196-97FD0E20324F}.Debug|Any CPU.ActiveCfg = Debug|Any CPU
		{0C27B031-992E-46EC-9196-97FD0E20324F}.Debug|Any CPU.Build.0 = Debug|Any CPU
		{0C27B031-992E-46EC-9196-97FD0E20324F}.Release|Any CPU.ActiveCfg = Release|Any CPU
		{0C27B031-992E-46EC-9196-97FD0E20324F}.Release|Any CPU.Build.0 = Release|Any CPU
		{46A0EB93-9B89-4336-BA2A-7499289D99EB}.Debug|Any CPU.ActiveCfg = Debug|Any CPU
		{46A0EB93-9B89-4336-BA2A-7499289D99EB}.Debug|Any CPU.Build.0 = Debug|Any CPU
		{46A0EB93-9B89-4336-BA2A-7499289D99EB}.Release|Any CPU.ActiveCfg = Release|Any CPU
		{46A0EB93-9B89-4336-BA2A-7499289D99EB}.Release|Any CPU.Build.0 = Release|Any CPU
		{167552E2-4421-4F28-8563-CF751AFAE3F4}.Debug|Any CPU.ActiveCfg = Debug|Any CPU
		{167552E2-4421-4F28-8563-CF751AFAE3F4}.Debug|Any CPU.Build.0 = Debug|Any CPU
		{167552E2-4421-4F28-8563-CF751AFAE3F4}.Release|Any CPU.ActiveCfg = Release|Any CPU
		{167552E2-4421-4F28-8563-CF751AFAE3F4}.Release|Any CPU.Build.0 = Release|Any CPU
		{2012534B-E3B5-4F60-AE54-DC3A70542082}.Debug|Any CPU.ActiveCfg = Debug|Any CPU
		{2012534B-E3B5-4F60-AE54-DC3A70542082}.Debug|Any CPU.Build.0 = Debug|Any CPU
		{2012534B-E3B5-4F60-AE54-DC3A70542082}.Release|Any CPU.ActiveCfg = Release|Any CPU
		{2012534B-E3B5-4F60-AE54-DC3A70542082}.Release|Any CPU.Build.0 = Release|Any CPU
	EndGlobalSection
	GlobalSection(NestedProjects) = preSolution
		{E63B5BF5-131D-44F0-9115-638CDF7A775B} = {DDCB4C86-A934-4B2F-A464-DBC92A1D4AB1}
		{743D6533-2582-420C-8467-800977C97567} = {4555F1DD-163E-44AE-87E8-B8894802581B}
		{FCFB4E83-682B-4F09-A898-F4CA5204B96C} = {4555F1DD-163E-44AE-87E8-B8894802581B}
		{0C27B031-992E-46EC-9196-97FD0E20324F} = {A72ADEF4-992A-4F97-895A-9FFDB68147C6}
		{46A0EB93-9B89-4336-BA2A-7499289D99EB} = {0350245D-B055-46E4-A3BE-03CCDCFF8A19}
		{167552E2-4421-4F28-8563-CF751AFAE3F4} = {4555F1DD-163E-44AE-87E8-B8894802581B}
		{2012534B-E3B5-4F60-AE54-DC3A70542082} = {4D8E7A89-C2F6-4E4B-B8F8-882E2249F124}
	EndGlobalSection
EndGlobal
